{
  "version": 4,
  "terraform_version": "1.8.2",
  "serial": 191,
  "lineage": "7d9c40c5-42c4-b41c-58af-fce8a3de1301",
  "outputs": {},
  "resources": [
    {
      "module": "module.eks_cluster",
      "mode": "data",
      "type": "aws_subnets",
      "name": "default",
      "provider": "provider[\"registry.terraform.io/hashicorp/aws\"]",
      "instances": [
        {
          "schema_version": 0,
          "attributes": {
            "filter": [
              {
                "name": "availability-zone",
                "values": [
                  "us-east-1a",
                  "us-east-1b"
                ]
              },
              {
                "name": "vpc-id",
                "values": [
                  "vpc-0868554de158d1971"
                ]
              }
            ],
            "id": "us-east-1",
            "ids": [
              "subnet-08a9142007663e1ba",
              "subnet-04421f9197ceb8a95"
            ],
            "tags": null,
            "timeouts": null
          },
          "sensitive_attributes": []
        }
      ]
    },
    {
      "module": "module.eks_cluster",
      "mode": "data",
      "type": "aws_vpc",
      "name": "default",
      "provider": "provider[\"registry.terraform.io/hashicorp/aws\"]",
      "instances": [
        {
          "schema_version": 0,
          "attributes": {
            "arn": "arn:aws:ec2:us-east-1:654654150628:vpc/vpc-0868554de158d1971",
            "cidr_block": "172.31.0.0/16",
            "cidr_block_associations": [
              {
                "association_id": "vpc-cidr-assoc-0caabcc7883b08811",
                "cidr_block": "172.31.0.0/16",
                "state": "associated"
              }
            ],
            "default": true,
            "dhcp_options_id": "dopt-04c13686539643aba",
            "enable_dns_hostnames": true,
            "enable_dns_support": true,
            "enable_network_address_usage_metrics": false,
            "filter": null,
            "id": "vpc-0868554de158d1971",
            "instance_tenancy": "default",
            "ipv6_association_id": "",
            "ipv6_cidr_block": "",
            "main_route_table_id": "rtb-0e837c5fc44b7b9d3",
            "owner_id": "654654150628",
            "state": null,
            "tags": {},
            "timeouts": null
          },
          "sensitive_attributes": []
        }
      ]
    },
    {
      "module": "module.eks_cluster",
      "mode": "managed",
      "type": "aws_eks_cluster",
      "name": "eks-cluster",
      "provider": "provider[\"registry.terraform.io/hashicorp/aws\"]",
      "instances": [
        {
          "schema_version": 1,
          "attributes": {
            "access_config": [
              {
                "authentication_mode": "CONFIG_MAP",
                "bootstrap_cluster_creator_admin_permissions": true
              }
            ],
            "arn": "arn:aws:eks:us-east-1:654654150628:cluster/eks-cluster001",
            "bootstrap_self_managed_addons": true,
            "certificate_authority": [
              {
                "data": "LS0tLS1CRUdJTiBDRVJUSUZJQ0FURS0tLS0tCk1JSURCVENDQWUyZ0F3SUJBZ0lJVFdyUW13N1JsYm93RFFZSktvWklodmNOQVFFTEJRQXdGVEVUTUJFR0ExVUUKQXhNS2EzVmlaWEp1WlhSbGN6QWVGdzB5TkRFeE1UUXdPRFF3TVROYUZ3MHpOREV4TVRJd09EUTFNVE5hTUJVeApFekFSQmdOVkJBTVRDbXQxWW1WeWJtVjBaWE13Z2dFaU1BMEdDU3FHU0liM0RRRUJBUVVBQTRJQkR3QXdnZ0VLCkFvSUJBUUNzS0NKR1NIcVhuWCs3TVYvZGJrS242c3AyK1lMWEh5MkNacU16ODlnbU5GcjUrRkU2N0dRY2tYbWIKbHhCVytRalplcEg1MGpoNlZQREJBNFM0bXVpT2lQcG1qWjVHZU4xWi8xWFBqSHpmMmJzcm5Vcjl5MnJ4TmtyVgo1cHExWXNkM1doL1JNL1ZYcXBqUUl3MUUzNUVwYkNqVnFWTHNzem9qbnRhMG9HU29oa1FhTUZJak5xV0p3WG5MCm1hTHFUSkhqTTZ6N0JsdHdTUzY0SUJSWkJiWnYybW8xWEZlM0hnaVVrNStHcHlPVFJXcVFQZWdrRWF6dTZoZVMKQlU1dE85SGN5TllWTWlzdk02bEI3Ym9FVHFHbDlhMXpsRUhBMk9vZTZrb1BPODlqbUdtRURHSnd1MUZtYjdCVApmaFBndThtMi9oMDY1RVJuTG9sQVoyRHBDd0M3QWdNQkFBR2pXVEJYTUE0R0ExVWREd0VCL3dRRUF3SUNwREFQCkJnTlZIUk1CQWY4RUJUQURBUUgvTUIwR0ExVWREZ1FXQkJSNGJtcG9WK08wUk5jbDdtbFRFSU1pbm9zYjNUQVYKQmdOVkhSRUVEakFNZ2dwcmRXSmxjbTVsZEdWek1BMEdDU3FHU0liM0RRRUJDd1VBQTRJQkFRQUVmeE1uZ3V3cgpyTkcrSEZ6NitKNTV4UURhSzJpajhObXdXdmdUUkFYK1l0YkE4alRKdnV3cUJhWlZyUldkVkw4dzV0d3IzN0hsCmwwVzJsaE43S0ZURjc5MjNzclgwMFpYMVB6cjM2bkFaamxUSFlpTjRqelVSYkdmak5ZelN6ellWT2RFZSttM1QKNXZoS1EzQ3NIMlpMUVFIUkxwM2JndjRjcmszbStOYjFhaFR4NVo0dHMzUlc4bXNRSVdXd3g3VmtralVsQzFMYgpmNTNFVHJENFlPK1doZDJ5MkI3RnpXckd0TkFoeGxWNlRhR1lKcGFtZFEzNlJaNDdzT3RITHgzMm52VkdoTTVIClZUMEFySnJKVjRMbTV5TENRcXFJQnJUL0lpcTF6VTBuL0l0Z1pZL2ZTVHc0MG8xR2tKc1VldDIwTElEeFRLWTgKUjJvMXNLTGtYMWFtCi0tLS0tRU5EIENFUlRJRklDQVRFLS0tLS0K"
              }
            ],
            "cluster_id": null,
            "created_at": "2024-11-14 08:41:11.071 +0000 UTC",
            "enabled_cluster_log_types": [],
            "encryption_config": [],
            "endpoint": "https://4EE6B5A060A269083856A2EB21C83A6A.gr7.us-east-1.eks.amazonaws.com",
            "id": "eks-cluster001",
            "identity": [
              {
                "oidc": [
                  {
                    "issuer": "https://oidc.eks.us-east-1.amazonaws.com/id/4EE6B5A060A269083856A2EB21C83A6A"
                  }
                ]
              }
            ],
            "kubernetes_network_config": [
              {
                "ip_family": "ipv4",
                "service_ipv4_cidr": "10.100.0.0/16",
                "service_ipv6_cidr": ""
              }
            ],
            "name": "eks-cluster001",
            "outpost_config": [],
            "platform_version": "eks.10",
            "role_arn": "arn:aws:iam::654654150628:role/CLUSTER-ROLE-EKS",
            "status": "ACTIVE",
            "tags": {},
            "tags_all": {
              "APPLICATION_NAME": "AWS ACC",
              "CLIENT_NAME": "CEQ-INTERNAL",
              "DEPARTMENT_NAME": "Observability",
              "END_DATE": "13-11-2024",
              "OWNER_NAME": "himanshi.soni@cloudeq.com",
              "PROJECT_NAME": "AWS ACC",
              "SOW_NUMBER": "Internal",
              "START_NAME": "13-11-2024"
            },
            "timeouts": null,
            "upgrade_policy": [
              {
                "support_type": "EXTENDED"
              }
            ],
            "version": "1.31",
            "vpc_config": [
              {
                "cluster_security_group_id": "sg-01f2813a57c100e82",
                "endpoint_private_access": false,
                "endpoint_public_access": true,
                "public_access_cidrs": [
                  "0.0.0.0/0"
                ],
                "security_group_ids": [],
                "subnet_ids": [
                  "subnet-04421f9197ceb8a95",
                  "subnet-08a9142007663e1ba"
                ],
                "vpc_id": "vpc-0868554de158d1971"
              }
            ]
          },
          "sensitive_attributes": [],
          "private": "eyJlMmJmYjczMC1lY2FhLTExZTYtOGY4OC0zNDM2M2JjN2M0YzAiOnsiY3JlYXRlIjoxODAwMDAwMDAwMDAwLCJkZWxldGUiOjkwMDAwMDAwMDAwMCwidXBkYXRlIjozNjAwMDAwMDAwMDAwfSwic2NoZW1hX3ZlcnNpb24iOiIxIn0=",
          "dependencies": [
            "module.eks_cluster.data.aws_subnets.default",
            "module.eks_cluster.data.aws_vpc.default",
            "module.iam_role.aws_iam_role.eks-cluster-role",
            "module.iam_role.aws_iam_role.eks-node-role",
            "module.iam_role.aws_iam_role_policy_attachment.eks-cluster-policy-attachment",
            "module.iam_role.aws_iam_role_policy_attachment.example-AmazonEKSVPCResourceController",
            "module.iam_role.aws_iam_role_policy_attachment.example-AmazonEKS_CNI_Policy",
            "module.iam_role.aws_iam_role_policy_attachment.node-policy-attachment",
            "module.iam_role.aws_iam_role_policy_attachment.registry-policy-attachment",
            "module.iam_role.data.aws_iam_policy_document.eks-cluster-assume-role-policy",
            "module.iam_role.data.aws_iam_policy_document.eks-node-assume-role-policy"
          ]
        }
      ]
    },
    {
      "module": "module.iam_role",
      "mode": "data",
      "type": "aws_iam_policy_document",
      "name": "eks-cluster-assume-role-policy",
      "provider": "provider[\"registry.terraform.io/hashicorp/aws\"]",
      "instances": [
        {
          "schema_version": 0,
          "attributes": {
            "id": "742302374",
            "json": "{\n  \"Version\": \"2012-10-17\",\n  \"Statement\": [\n    {\n      \"Effect\": \"Allow\",\n      \"Action\": \"sts:AssumeRole\",\n      \"Principal\": {\n        \"Service\": \"eks.amazonaws.com\"\n      }\n    }\n  ]\n}",
            "minified_json": "{\"Version\":\"2012-10-17\",\"Statement\":[{\"Effect\":\"Allow\",\"Action\":\"sts:AssumeRole\",\"Principal\":{\"Service\":\"eks.amazonaws.com\"}}]}",
            "override_json": null,
            "override_policy_documents": null,
            "policy_id": null,
            "source_json": null,
            "source_policy_documents": null,
            "statement": [
              {
                "actions": [
                  "sts:AssumeRole"
                ],
                "condition": [],
                "effect": "Allow",
                "not_actions": [],
                "not_principals": [],
                "not_resources": [],
                "principals": [
                  {
                    "identifiers": [
                      "eks.amazonaws.com"
                    ],
                    "type": "Service"
                  }
                ],
                "resources": [],
                "sid": ""
              }
            ],
            "version": "2012-10-17"
          },
          "sensitive_attributes": []
        }
      ]
    },
    {
      "module": "module.iam_role",
      "mode": "data",
      "type": "aws_iam_policy_document",
      "name": "eks-node-assume-role-policy",
      "provider": "provider[\"registry.terraform.io/hashicorp/aws\"]",
      "instances": [
        {
          "schema_version": 0,
          "attributes": {
            "id": "1443847869",
            "json": "{\n  \"Version\": \"2012-10-17\",\n  \"Statement\": [\n    {\n      \"Effect\": \"Allow\",\n      \"Action\": \"sts:AssumeRole\",\n      \"Principal\": {\n        \"Service\": \"ec2.amazonaws.com\"\n      }\n    }\n  ]\n}",
            "minified_json": "{\"Version\":\"2012-10-17\",\"Statement\":[{\"Effect\":\"Allow\",\"Action\":\"sts:AssumeRole\",\"Principal\":{\"Service\":\"ec2.amazonaws.com\"}}]}",
            "override_json": null,
            "override_policy_documents": null,
            "policy_id": null,
            "source_json": null,
            "source_policy_documents": null,
            "statement": [
              {
                "actions": [
                  "sts:AssumeRole"
                ],
                "condition": [],
                "effect": "Allow",
                "not_actions": [],
                "not_principals": [],
                "not_resources": [],
                "principals": [
                  {
                    "identifiers": [
                      "ec2.amazonaws.com"
                    ],
                    "type": "Service"
                  }
                ],
                "resources": [],
                "sid": ""
              }
            ],
            "version": "2012-10-17"
          },
          "sensitive_attributes": []
        }
      ]
    },
    {
      "module": "module.iam_role",
      "mode": "managed",
      "type": "aws_iam_role",
      "name": "eks-cluster-role",
      "provider": "provider[\"registry.terraform.io/hashicorp/aws\"]",
      "instances": [
        {
          "schema_version": 0,
          "attributes": {
            "arn": "arn:aws:iam::654654150628:role/CLUSTER-ROLE-EKS",
            "assume_role_policy": "{\"Statement\":[{\"Action\":\"sts:AssumeRole\",\"Effect\":\"Allow\",\"Principal\":{\"Service\":\"eks.amazonaws.com\"}}],\"Version\":\"2012-10-17\"}",
            "create_date": "2024-11-14T08:41:02Z",
            "description": "",
            "force_detach_policies": false,
            "id": "CLUSTER-ROLE-EKS",
            "inline_policy": [],
            "managed_policy_arns": [
              "arn:aws:iam::aws:policy/AmazonEKSClusterPolicy",
              "arn:aws:iam::aws:policy/AmazonEKSVPCResourceController"
            ],
            "max_session_duration": 3600,
            "name": "CLUSTER-ROLE-EKS",
            "name_prefix": "",
            "path": "/",
            "permissions_boundary": "",
            "tags": {},
            "tags_all": {
              "APPLICATION_NAME": "AWS ACC",
              "CLIENT_NAME": "CEQ-INTERNAL",
              "DEPARTMENT_NAME": "Observability",
              "END_DATE": "13-11-2024",
              "OWNER_NAME": "himanshi.soni@cloudeq.com",
              "PROJECT_NAME": "AWS ACC",
              "SOW_NUMBER": "Internal",
              "START_NAME": "13-11-2024"
            },
            "unique_id": "AROAZQ3DNS7SCTVQOJOW2"
          },
          "sensitive_attributes": [],
          "private": "bnVsbA==",
          "dependencies": [
            "module.iam_role.data.aws_iam_policy_document.eks-cluster-assume-role-policy"
          ]
        }
      ]
    },
    {
      "module": "module.iam_role",
      "mode": "managed",
      "type": "aws_iam_role",
      "name": "eks-node-role",
      "provider": "provider[\"registry.terraform.io/hashicorp/aws\"]",
      "instances": [
        {
          "schema_version": 0,
          "attributes": {
            "arn": "arn:aws:iam::654654150628:role/NODE-ROLE-EKS",
            "assume_role_policy": "{\"Statement\":[{\"Action\":\"sts:AssumeRole\",\"Effect\":\"Allow\",\"Principal\":{\"Service\":\"ec2.amazonaws.com\"}}],\"Version\":\"2012-10-17\"}",
            "create_date": "2024-11-14T08:41:02Z",
            "description": "",
            "force_detach_policies": false,
            "id": "NODE-ROLE-EKS",
            "inline_policy": [],
            "managed_policy_arns": [
              "arn:aws:iam::aws:policy/AmazonEC2ContainerRegistryReadOnly",
              "arn:aws:iam::aws:policy/AmazonEKSWorkerNodePolicy",
              "arn:aws:iam::aws:policy/AmazonEKS_CNI_Policy"
            ],
            "max_session_duration": 3600,
            "name": "NODE-ROLE-EKS",
            "name_prefix": "",
            "path": "/",
            "permissions_boundary": "",
            "tags": {},
            "tags_all": {
              "APPLICATION_NAME": "AWS ACC",
              "CLIENT_NAME": "CEQ-INTERNAL",
              "DEPARTMENT_NAME": "Observability",
              "END_DATE": "13-11-2024",
              "OWNER_NAME": "himanshi.soni@cloudeq.com",
              "PROJECT_NAME": "AWS ACC",
              "SOW_NUMBER": "Internal",
              "START_NAME": "13-11-2024"
            },
            "unique_id": "AROAZQ3DNS7SHUAZ62ESD"
          },
          "sensitive_attributes": [],
          "private": "bnVsbA==",
          "dependencies": [
            "module.iam_role.data.aws_iam_policy_document.eks-node-assume-role-policy"
          ]
        }
      ]
    },
    {
      "module": "module.iam_role",
      "mode": "managed",
      "type": "aws_iam_role_policy_attachment",
      "name": "eks-cluster-policy-attachment",
      "provider": "provider[\"registry.terraform.io/hashicorp/aws\"]",
      "instances": [
        {
          "schema_version": 0,
          "attributes": {
            "id": "CLUSTER-ROLE-EKS-20241114084105008700000005",
            "policy_arn": "arn:aws:iam::aws:policy/AmazonEKSClusterPolicy",
            "role": "CLUSTER-ROLE-EKS"
          },
          "sensitive_attributes": [],
          "private": "bnVsbA==",
          "dependencies": [
            "module.iam_role.aws_iam_role.eks-cluster-role",
            "module.iam_role.data.aws_iam_policy_document.eks-cluster-assume-role-policy"
          ]
        }
      ]
    },
    {
      "module": "module.iam_role",
      "mode": "managed",
      "type": "aws_iam_role_policy_attachment",
      "name": "example-AmazonEKSVPCResourceController",
      "provider": "provider[\"registry.terraform.io/hashicorp/aws\"]",
      "instances": [
        {
          "schema_version": 0,
          "attributes": {
            "id": "CLUSTER-ROLE-EKS-20241114084104625500000004",
            "policy_arn": "arn:aws:iam::aws:policy/AmazonEKSVPCResourceController",
            "role": "CLUSTER-ROLE-EKS"
          },
          "sensitive_attributes": [],
          "private": "bnVsbA==",
          "dependencies": [
            "module.iam_role.aws_iam_role.eks-cluster-role",
            "module.iam_role.data.aws_iam_policy_document.eks-cluster-assume-role-policy"
          ]
        }
      ]
    },
    {
      "module": "module.iam_role",
      "mode": "managed",
      "type": "aws_iam_role_policy_attachment",
      "name": "example-AmazonEKS_CNI_Policy",
      "provider": "provider[\"registry.terraform.io/hashicorp/aws\"]",
      "instances": [
        {
          "schema_version": 0,
          "attributes": {
            "id": "NODE-ROLE-EKS-20241114084104232200000002",
            "policy_arn": "arn:aws:iam::aws:policy/AmazonEKS_CNI_Policy",
            "role": "NODE-ROLE-EKS"
          },
          "sensitive_attributes": [],
          "private": "bnVsbA==",
          "dependencies": [
            "module.iam_role.aws_iam_role.eks-node-role",
            "module.iam_role.data.aws_iam_policy_document.eks-node-assume-role-policy"
          ]
        }
      ]
    },
    {
      "module": "module.iam_role",
      "mode": "managed",
      "type": "aws_iam_role_policy_attachment",
      "name": "node-policy-attachment",
      "provider": "provider[\"registry.terraform.io/hashicorp/aws\"]",
      "instances": [
        {
          "schema_version": 0,
          "attributes": {
            "id": "NODE-ROLE-EKS-20241114084104620800000003",
            "policy_arn": "arn:aws:iam::aws:policy/AmazonEKSWorkerNodePolicy",
            "role": "NODE-ROLE-EKS"
          },
          "sensitive_attributes": [],
          "private": "bnVsbA==",
          "dependencies": [
            "module.iam_role.aws_iam_role.eks-node-role",
            "module.iam_role.data.aws_iam_policy_document.eks-node-assume-role-policy"
          ]
        }
      ]
    },
    {
      "module": "module.iam_role",
      "mode": "managed",
      "type": "aws_iam_role_policy_attachment",
      "name": "registry-policy-attachment",
      "provider": "provider[\"registry.terraform.io/hashicorp/aws\"]",
      "instances": [
        {
          "schema_version": 0,
          "attributes": {
            "id": "NODE-ROLE-EKS-20241114084104220700000001",
            "policy_arn": "arn:aws:iam::aws:policy/AmazonEC2ContainerRegistryReadOnly",
            "role": "NODE-ROLE-EKS"
          },
          "sensitive_attributes": [],
          "private": "bnVsbA==",
          "dependencies": [
            "module.iam_role.aws_iam_role.eks-node-role",
            "module.iam_role.data.aws_iam_policy_document.eks-node-assume-role-policy"
          ]
        }
      ]
    },
    {
      "module": "module.node_group",
      "mode": "data",
      "type": "aws_security_group",
      "name": "default",
      "provider": "provider[\"registry.terraform.io/hashicorp/aws\"]",
      "instances": [
        {
          "schema_version": 0,
          "attributes": {
            "arn": "arn:aws:ec2:us-east-1:654654150628:security-group/sg-01d84bf90b7e050b6",
            "description": "default VPC security group",
            "filter": [
              {
                "name": "group-name",
                "values": [
                  "default"
                ]
              }
            ],
            "id": "sg-01d84bf90b7e050b6",
            "name": "default",
            "tags": {},
            "timeouts": null,
            "vpc_id": "vpc-0868554de158d1971"
          },
          "sensitive_attributes": []
        }
      ]
    },
    {
      "module": "module.node_group",
      "mode": "data",
      "type": "aws_subnets",
      "name": "default",
      "provider": "provider[\"registry.terraform.io/hashicorp/aws\"]",
      "instances": [
        {
          "schema_version": 0,
          "attributes": {
            "filter": [
              {
                "name": "availability-zone",
                "values": [
                  "us-east-1a",
                  "us-east-1b"
                ]
              },
              {
                "name": "vpc-id",
                "values": [
                  "vpc-0868554de158d1971"
                ]
              }
            ],
            "id": "us-east-1",
            "ids": [
              "subnet-08a9142007663e1ba",
              "subnet-04421f9197ceb8a95"
            ],
            "tags": null,
            "timeouts": null
          },
          "sensitive_attributes": []
        }
      ]
    },
    {
      "module": "module.node_group",
      "mode": "data",
      "type": "aws_vpc",
      "name": "default",
      "provider": "provider[\"registry.terraform.io/hashicorp/aws\"]",
      "instances": [
        {
          "schema_version": 0,
          "attributes": {
            "arn": "arn:aws:ec2:us-east-1:654654150628:vpc/vpc-0868554de158d1971",
            "cidr_block": "172.31.0.0/16",
            "cidr_block_associations": [
              {
                "association_id": "vpc-cidr-assoc-0caabcc7883b08811",
                "cidr_block": "172.31.0.0/16",
                "state": "associated"
              }
            ],
            "default": true,
            "dhcp_options_id": "dopt-04c13686539643aba",
            "enable_dns_hostnames": true,
            "enable_dns_support": true,
            "enable_network_address_usage_metrics": false,
            "filter": null,
            "id": "vpc-0868554de158d1971",
            "instance_tenancy": "default",
            "ipv6_association_id": "",
            "ipv6_cidr_block": "",
            "main_route_table_id": "rtb-0e837c5fc44b7b9d3",
            "owner_id": "654654150628",
            "state": null,
            "tags": {},
            "timeouts": null
          },
          "sensitive_attributes": []
        }
      ]
    },
    {
      "module": "module.node_group",
      "mode": "managed",
      "type": "aws_eks_node_group",
      "name": "eks-node-group",
      "provider": "provider[\"registry.terraform.io/hashicorp/aws\"]",
      "instances": [
        {
          "schema_version": 0,
          "attributes": {
            "ami_type": "AL2023_x86_64_STANDARD",
            "arn": "arn:aws:eks:us-east-1:654654150628:nodegroup/eks-cluster001/eks-node-group/30c994f9-a4e9-3c6e-2ec8-23853c870438",
            "capacity_type": "ON_DEMAND",
            "cluster_name": "eks-cluster001",
            "disk_size": 20,
            "force_update_version": null,
            "id": "eks-cluster001:eks-node-group",
            "instance_types": [
              "t2.micro"
            ],
            "labels": null,
            "launch_template": [],
            "node_group_name": "eks-node-group",
            "node_group_name_prefix": "",
            "node_role_arn": "arn:aws:iam::654654150628:role/NODE-ROLE-EKS",
            "release_version": "1.31.0-20241109",
            "remote_access": [],
            "resources": [
              {
                "autoscaling_groups": [
                  {
                    "name": "eks-eks-node-group-30c994f9-a4e9-3c6e-2ec8-23853c870438"
                  }
                ],
                "remote_access_security_group_id": ""
              }
            ],
            "scaling_config": [
              {
                "desired_size": 1,
                "max_size": 1,
                "min_size": 1
              }
            ],
            "status": "ACTIVE",
            "subnet_ids": [
              "subnet-04421f9197ceb8a95",
              "subnet-08a9142007663e1ba"
            ],
            "tags": null,
            "tags_all": {
              "APPLICATION_NAME": "AWS ACC",
              "CLIENT_NAME": "CEQ-INTERNAL",
              "DEPARTMENT_NAME": "Observability",
              "END_DATE": "13-11-2024",
              "OWNER_NAME": "himanshi.soni@cloudeq.com",
              "PROJECT_NAME": "AWS ACC",
              "SOW_NUMBER": "Internal",
              "START_NAME": "13-11-2024"
            },
            "taint": [],
            "timeouts": null,
            "update_config": [
              {
                "max_unavailable": 1,
                "max_unavailable_percentage": 0
              }
            ],
            "version": "1.31"
          },
          "sensitive_attributes": [],
          "private": "eyJlMmJmYjczMC1lY2FhLTExZTYtOGY4OC0zNDM2M2JjN2M0YzAiOnsiY3JlYXRlIjozNjAwMDAwMDAwMDAwLCJkZWxldGUiOjM2MDAwMDAwMDAwMDAsInVwZGF0ZSI6MzYwMDAwMDAwMDAwMH19",
          "dependencies": [
            "module.eks_cluster.aws_eks_cluster.eks-cluster",
            "module.eks_cluster.data.aws_subnets.default",
            "module.eks_cluster.data.aws_vpc.default",
            "module.iam_role.aws_iam_role.eks-cluster-role",
            "module.iam_role.aws_iam_role.eks-node-role",
            "module.iam_role.aws_iam_role_policy_attachment.eks-cluster-policy-attachment",
            "module.iam_role.aws_iam_role_policy_attachment.example-AmazonEKSVPCResourceController",
            "module.iam_role.aws_iam_role_policy_attachment.example-AmazonEKS_CNI_Policy",
            "module.iam_role.aws_iam_role_policy_attachment.node-policy-attachment",
            "module.iam_role.aws_iam_role_policy_attachment.registry-policy-attachment",
            "module.iam_role.data.aws_iam_policy_document.eks-cluster-assume-role-policy",
            "module.iam_role.data.aws_iam_policy_document.eks-node-assume-role-policy",
            "module.node_group.data.aws_subnets.default",
            "module.node_group.data.aws_vpc.default"
          ]
        }
      ]
    }
  ],
  "check_results": null
}
